
Microsoft Visual Studio Solution File, Format Version 12.00
# Visual Studio 15
VisualStudioVersion = 15.0.28307.960
MinimumVisualStudioVersion = 10.0.40219.1
Project("{FAE04EC0-301F-11D3-BF4B-00C04F79EFBC}") = "MerhabaDunya", "MerhabaDunya\MerhabaDunya.csproj", "{253E3C4A-FA9C-4200-9251-45DEA0893084}"
EndProject
Global
	GlobalSection(SolutionConfigurationPlatforms) = preSolution
		Debug|Any CPU = Debug|Any CPU
		Release|Any CPU = Release|Any CPU
	EndGlobalSection
	GlobalSection(ProjectConfigurationPlatforms) = postSolution
		{253E3C4A-FA9C-4200-9251-45DEA0893084}.Debug|Any CPU.ActiveCfg = Debug|Any CPU
		{253E3C4A-FA9C-4200-9251-45DEA0893084}.Debug|Any CPU.Build.0 = Debug|Any CPU
		{253E3C4A-FA9C-4200-9251-45DEA0893084}.Release|Any CPU.ActiveCfg = Release|Any CPU
		{253E3C4A-FA9C-4200-9251-45DEA0893084}.Release|Any CPU.Build.0 = Release|Any CPU
	EndGlobalSection
	GlobalSection(SolutionProperties) = preSolution
		HideSolutionNode = FALSE
	EndGlobalSection
	GlobalSection(ExtensibilityGlobals) = postSolution
		SolutionGuid = {EF9158CD-5889-4B9B-B500-8F9C054800E6}
	EndGlobalSection
EndGlobal
